{
  "meteor": {},
  "dependencies": {
    "basePackages": {
      "npm": {},
      "iron-router": {},
      "bootstrap-3": {},
      "auto-nprogress": {},
      "streams": {},
      "handlebar-helpers": {},
      "rcon": {},
      "steam": {},
      "accounts-steam": {},
      "profile-online": {},
      "roles": {},
      "font-awesome": {},
      "connection-banner": {},
      "fast-render": {},
      "mongo-counter": {},
      "moment": {}
    },
    "packages": {
      "npm": {
        "git": "https://github.com/arunoda/meteor-npm.git",
        "tag": "v0.2.6",
        "commit": "177ab6118de5bf8cffb19481343d5762ff7a2aaf"
      },
      "iron-router": {
        "git": "https://github.com/EventedMind/iron-router.git",
        "tag": "v0.6.4",
        "commit": "927bbaed1b87894fb6fb70807f74ff3a5bd89f29"
      },
      "bootstrap-3": {
        "git": "https://github.com/mangasocial/meteor-bootstrap-3.git",
        "tag": "v3.1.1-1",
        "commit": "63dd38968828bb8963636df93e9a1c45e2dfe67e"
      },
      "auto-nprogress": {
        "git": "https://github.com/settinghead/meteor-auto-nprogress.git",
        "tag": "v0.2.7",
        "commit": "3fa87d5244e140cc5b49696585cd23b110c36467"
      },
      "streams": {
        "git": "https://github.com/arunoda/meteor-streams.git",
        "tag": "v0.1.17",
        "commit": "9fcbbc9b7bf542827babc92089c19e730892a22f"
      },
      "handlebar-helpers": {
        "git": "https://github.com/raix/Meteor-handlebar-helpers.git",
        "tag": "v0.0.9",
        "commit": "71e94c99462b8801a34c5363510758b6ff5f5ac7"
      },
      "rcon": {
        "git": "https://github.com/Multiply/meteor-rcon.git",
        "tag": "v0.1.0",
        "commit": "6693de281bed8a664b8e573cb7a3c4fe6b668266"
      },
      "steam": {
        "git": "https://github.com/Multiply/meteor-steam.git",
        "tag": "v0.0.1",
        "commit": "54e1d2a4a7870d1d654c0bae87998421a93ad1c4"
      },
      "accounts-steam": {
        "git": "https://github.com/Multiply/meteor-accounts-steam.git",
        "tag": "v0.0.1",
        "commit": "29e8b70d047871fc201c475c763e60d87b16ddcc"
      },
      "profile-online": {
        "git": "https://github.com/erundook/meteor-profile-online.git",
        "tag": "v0.1.9",
        "commit": "a982f18f22cb2025a02a9b38815c68e23469cd4b"
      },
      "roles": {
        "git": "https://github.com/alanning/meteor-roles.git",
        "tag": "v1.2.6",
        "commit": "f2a9058281f8f2fe028767841d7445aadd6893cf"
      },
      "font-awesome": {
        "git": "https://github.com/nate-strauser/meteor-font-awesome.git",
        "tag": "v4.0.3",
        "commit": "61e9361384347547ae144f8228faa4deffda23db"
      },
      "connection-banner": {
        "git": "https://github.com/nate-strauser/meteor-connection-banner.git",
        "tag": "v0.2.1",
        "commit": "aeb866f75e626262a97e9c913ac7dd5425e5c118"
      },
      "fast-render": {
        "git": "https://github.com/arunoda/meteor-fast-render.git",
        "tag": "v0.1.18",
        "commit": "dbfc8178594e5f696a39541278aac5dd25d458a0"
      },
      "mongo-counter": {
        "git": "https://github.com/awwx/meteor-mongo-counter.git",
        "tag": "v1.1.0",
        "commit": "9a0710543cec7c192e38d5acc54cf3b0a9fbcb20"
      },
      "moment": {
        "git": "https://github.com/acreeger/meteor-moment.git",
        "tag": "v2.5.1",
        "commit": "8c9bc5d3fc96705057737cb9743d555417f6e551"
      },
      "nprogress": {
        "git": "https://github.com/zhouzhuojie/meteor-nprogress.git",
        "tag": "v0.0.3",
        "commit": "ffd1c5dd400af64121197f4e637a215c4b6b1fc7"
      }
    }
  }
}
