{
  "meteor": {},
  "dependencies": {
    "basePackages": {
      "npm": {},
      "iron-router": {},
      "bootstrap-3": {},
      "auto-nprogress": {},
      "fast-render": {},
      "streams": {},
      "handlebar-helpers": {},
      "bootstrap-slate": {},
      "rcon": {},
      "steam": {},
      "accounts-steam": {}
    },
    "packages": {
      "npm": {
        "git": "https://github.com/arunoda/meteor-npm.git",
        "tag": "v0.2.6",
        "commit": "177ab6118de5bf8cffb19481343d5762ff7a2aaf"
      },
      "iron-router": {
        "git": "https://github.com/EventedMind/iron-router.git",
        "tag": "v0.6.2",
        "commit": "ce56e58b45624dce992490f3a1c10f10d3948bae"
      },
      "bootstrap-3": {
        "git": "https://github.com/mangasocial/meteor-bootstrap-3.git",
        "tag": "v3.1.0-1",
        "commit": "329dccb08bfc18c635676dea600ac9953162cda9"
      },
      "auto-nprogress": {
        "git": "https://github.com/settinghead/meteor-auto-nprogress.git",
        "tag": "v0.2.7",
        "commit": "3fa87d5244e140cc5b49696585cd23b110c36467"
      },
      "fast-render": {
        "git": "https://github.com/arunoda/meteor-fast-render.git",
        "tag": "v0.1.15",
        "commit": "baf79a3e5863acc3abfe2d0d62fb23b21fe880de"
      },
      "streams": {
        "git": "https://github.com/arunoda/meteor-streams.git",
        "tag": "v0.1.17",
        "commit": "9fcbbc9b7bf542827babc92089c19e730892a22f"
      },
      "handlebar-helpers": {
        "git": "https://github.com/raix/Meteor-handlebar-helpers.git",
        "tag": "v0.0.9",
        "commit": "71e94c99462b8801a34c5363510758b6ff5f5ac7"
      },
      "bootstrap-slate": {
        "git": "https://github.com/mickeyren/meteor-bootstrap-slate.git",
        "tag": "v0.0.1",
        "commit": "03e01f40019b63517c922b882821d3eb66b31140"
      },
      "rcon": {
        "git": "https://github.com/Multiply/meteor-rcon.git",
        "tag": "v0.1.0",
        "commit": "6693de281bed8a664b8e573cb7a3c4fe6b668266"
      },
      "steam": {
        "git": "https://github.com/Multiply/meteor-steam.git",
        "tag": "v0.0.1",
        "commit": "54e1d2a4a7870d1d654c0bae87998421a93ad1c4"
      },
      "accounts-steam": {
        "git": "https://github.com/Multiply/meteor-accounts-steam.git",
        "tag": "v0.0.1",
        "commit": "29e8b70d047871fc201c475c763e60d87b16ddcc"
      },
      "nprogress": {
        "git": "https://github.com/zhouzhuojie/meteor-nprogress.git",
        "tag": "v0.0.3",
        "commit": "ffd1c5dd400af64121197f4e637a215c4b6b1fc7"
      }
    }
  }
}
